Microsoft Visual Studio Solution File, Format Version 12.00
# Visual Studio Version 17
VisualStudioVersion = 17.5.2.0
MinimumVisualStudioVersion = 10.0.40219.1
Project("{FAE04EC0-301F-11D3-BF4B-00C04F79EFBC}") = "NewWebApp", "NewWebApp.csproj", "{F296FE75-2E83-C589-1988-74A670C4619E}"
EndProject
Global
	GlobalSection(SolutionConfigurationPlatforms) = preSolution
		Debug|Any CPU = Debug|Any CPU
		Release|Any CPU = Release|Any CPU
	EndGlobalSection
	GlobalSection(ProjectConfigurationPlatforms) = postSolution
		{F296FE75-2E83-C589-1988-74A670C4619E}.Debug|Any CPU.ActiveCfg = Debug|Any CPU
		{F296FE75-2E83-C589-1988-74A670C4619E}.Debug|Any CPU.Build.0 = Debug|Any CPU
		{F296FE75-2E83-C589-1988-74A670C4619E}.Release|Any CPU.ActiveCfg = Release|Any CPU
		{F296FE75-2E83-C589-1988-74A670C4619E}.Release|Any CPU.Build.0 = Release|Any CPU
	EndGlobalSection
	GlobalSection(SolutionProperties) = preSolution
		HideSolutionNode = FALSE
	EndGlobalSection
	GlobalSection(ExtensibilityGlobals) = postSolution
		SolutionGuid = {2CD0AD8C-FA7B-484F-AB65-1EF98C6F3317}
	EndGlobalSection
EndGlobal
